// !$*UTF8*$!
{
	archiveVersion = 1;
	classes = {
	};
	objectVersion = 50;
	objects = {

/* Begin PBXBuildFile section */
		53BF700320F35D5800EAB04C /* AppDelegate.swift in Sources */ = {isa = PBXBuildFile; fileRef = 53BF700220F35D5800EAB04C /* AppDelegate.swift */; };
		53BF700520F35D5800EAB04C /* TodoListViewController.swift in Sources */ = {isa = PBXBuildFile; fileRef = 53BF700420F35D5800EAB04C /* TodoListViewController.swift */; };
		53BF700820F35D5800EAB04C /* Main.storyboard in Resources */ = {isa = PBXBuildFile; fileRef = 53BF700620F35D5800EAB04C /* Main.storyboard */; };
		53BF700A20F35D5900EAB04C /* Assets.xcassets in Resources */ = {isa = PBXBuildFile; fileRef = 53BF700920F35D5900EAB04C /* Assets.xcassets */; };
		53BF700D20F35D5900EAB04C /* LaunchScreen.storyboard in Resources */ = {isa = PBXBuildFile; fileRef = 53BF700B20F35D5900EAB04C /* LaunchScreen.storyboard */; };
		53BF701820F35D5900EAB04C /* TodoeyTests.swift in Sources */ = {isa = PBXBuildFile; fileRef = 53BF701720F35D5900EAB04C /* TodoeyTests.swift */; };
		53BF702320F35D5900EAB04C /* TodoeyUITests.swift in Sources */ = {isa = PBXBuildFile; fileRef = 53BF702220F35D5900EAB04C /* TodoeyUITests.swift */; };
/* End PBXBuildFile section */

/* Begin PBXContainerItemProxy section */
		53BF701420F35D5900EAB04C /* PBXContainerItemProxy */ = {
			isa = PBXContainerItemProxy;
			containerPortal = 53BF6FF720F35D5700EAB04C /* Project object */;
			proxyType = 1;
			remoteGlobalIDString = 53BF6FFE20F35D5800EAB04C;
			remoteInfo = Todoey;
		};
		53BF701F20F35D5900EAB04C /* PBXContainerItemProxy */ = {
			isa = PBXContainerItemProxy;
			containerPortal = 53BF6FF720F35D5700EAB04C /* Project object */;
			proxyType = 1;
			remoteGlobalIDString = 53BF6FFE20F35D5800EAB04C;
			remoteInfo = Todoey;
		};
/* End PBXContainerItemProxy section */

/* Begin PBXFileReference section */
		53BF6FFF20F35D5800EAB04C /* Todoey.app */ = {isa = PBXFileReference; explicitFileType = wrapper.application; includeInIndex = 0; path = Todoey.app; sourceTree = BUILT_PRODUCTS_DIR; };
		53BF700220F35D5800EAB04C /* AppDelegate.swift */ = {isa = PBXFileReference; lastKnownFileType = sourcecode.swift; path = AppDelegate.swift; sourceTree = "<group>"; };
		53BF700420F35D5800EAB04C /* TodoListViewController.swift */ = {isa = PBXFileReference; lastKnownFileType = sourcecode.swift; path = TodoListViewController.swift; sourceTree = "<group>"; };
		53BF700720F35D5800EAB04C /* Base */ = {isa = PBXFileReference; lastKnownFileType = file.storyboard; name = Base; path = Base.lproj/Main.storyboard; sourceTree = "<group>"; };
		53BF700920F35D5900EAB04C /* Assets.xcassets */ = {isa = PBXFileReference; lastKnownFileType = folder.assetcatalog; path = Assets.xcassets; sourceTree = "<group>"; };
		53BF700C20F35D5900EAB04C /* Base */ = {isa = PBXFileReference; lastKnownFileType = file.storyboard; name = Base; path = Base.lproj/LaunchScreen.storyboard; sourceTree = "<group>"; };
		53BF700E20F35D5900EAB04C /* Info.plist */ = {isa = PBXFileReference; lastKnownFileType = text.plist.xml; path = Info.plist; sourceTree = "<group>"; };
		53BF701320F35D5900EAB04C /* TodoeyTests.xctest */ = {isa = PBXFileReference; explicitFileType = wrapper.cfbundle; includeInIndex = 0; path = TodoeyTests.xctest; sourceTree = BUILT_PRODUCTS_DIR; };
		53BF701720F35D5900EAB04C /* TodoeyTests.swift */ = {isa = PBXFileReference; lastKnownFileType = sourcecode.swift; path = TodoeyTests.swift; sourceTree = "<group>"; };
		53BF701920F35D5900EAB04C /* Info.plist */ = {isa = PBXFileReference; lastKnownFileType = text.plist.xml; path = Info.plist; sourceTree = "<group>"; };
		53BF701E20F35D5900EAB04C /* TodoeyUITests.xctest */ = {isa = PBXFileReference; explicitFileType = wrapper.cfbundle; includeInIndex = 0; path = TodoeyUITests.xctest; sourceTree = BUILT_PRODUCTS_DIR; };
		53BF702220F35D5900EAB04C /* TodoeyUITests.swift */ = {isa = PBXFileReference; lastKnownFileType = sourcecode.swift; path = TodoeyUITests.swift; sourceTree = "<group>"; };
		53BF702420F35D5900EAB04C /* Info.plist */ = {isa = PBXFileReference; lastKnownFileType = text.plist.xml; path = Info.plist; sourceTree = "<group>"; };
/* End PBXFileReference section */

/* Begin PBXFrameworksBuildPhase section */
		53BF6FFC20F35D5800EAB04C /* Frameworks */ = {
			isa = PBXFrameworksBuildPhase;
			buildActionMask = 2147483647;
			files = (
			);
			runOnlyForDeploymentPostprocessing = 0;
		};
		53BF701020F35D5900EAB04C /* Frameworks */ = {
			isa = PBXFrameworksBuildPhase;
			buildActionMask = 2147483647;
			files = (
			);
			runOnlyForDeploymentPostprocessing = 0;
		};
		53BF701B20F35D5900EAB04C /* Frameworks */ = {
			isa = PBXFrameworksBuildPhase;
			buildActionMask = 2147483647;
			files = (
			);
			runOnlyForDeploymentPostprocessing = 0;
		};
/* End PBXFrameworksBuildPhase section */

/* Begin PBXGroup section */
		53BF6FF620F35D5700EAB04C = {
			isa = PBXGroup;
			children = (
				53BF700120F35D5800EAB04C /* Todoey */,
				53BF701620F35D5900EAB04C /* TodoeyTests */,
				53BF702120F35D5900EAB04C /* TodoeyUITests */,
				53BF700020F35D5800EAB04C /* Products */,
			);
			sourceTree = "<group>";
		};
		53BF700020F35D5800EAB04C /* Products */ = {
			isa = PBXGroup;
			children = (
				53BF6FFF20F35D5800EAB04C /* Todoey.app */,
				53BF701320F35D5900EAB04C /* TodoeyTests.xctest */,
				53BF701E20F35D5900EAB04C /* TodoeyUITests.xctest */,
			);
			name = Products;
			sourceTree = "<group>";
		};
		53BF700120F35D5800EAB04C /* Todoey */ = {
			isa = PBXGroup;
			children = (
				53BF700220F35D5800EAB04C /* AppDelegate.swift */,
				53BF700420F35D5800EAB04C /* TodoListViewController.swift */,
				53BF700620F35D5800EAB04C /* Main.storyboard */,
				53BF700920F35D5900EAB04C /* Assets.xcassets */,
				53BF700B20F35D5900EAB04C /* LaunchScreen.storyboard */,
				53BF700E20F35D5900EAB04C /* Info.plist */,
			);
			path = Todoey;
			sourceTree = "<group>";
		};
		53BF701620F35D5900EAB04C /* TodoeyTests */ = {
			isa = PBXGroup;
			children = (
				53BF701720F35D5900EAB04C /* TodoeyTests.swift */,
				53BF701920F35D5900EAB04C /* Info.plist */,
			);
			path = TodoeyTests;
			sourceTree = "<group>";
		};
		53BF702120F35D5900EAB04C /* TodoeyUITests */ = {
			isa = PBXGroup;
			children = (
				53BF702220F35D5900EAB04C /* TodoeyUITests.swift */,
				53BF702420F35D5900EAB04C /* Info.plist */,
			);
			path = TodoeyUITests;
			sourceTree = "<group>";
		};
/* End PBXGroup section */

/* Begin PBXNativeTarget section */
		53BF6FFE20F35D5800EAB04C /* Todoey */ = {
			isa = PBXNativeTarget;
			buildConfigurationList = 53BF702720F35D5900EAB04C /* Build configuration list for PBXNativeTarget "Todoey" */;
			buildPhases = (
				53BF6FFB20F35D5800EAB04C /* Sources */,
				53BF6FFC20F35D5800EAB04C /* Frameworks */,
				53BF6FFD20F35D5800EAB04C /* Resources */,
			);
			buildRules = (
			);
			dependencies = (
			);
			name = Todoey;
			productName = Todoey;
			productReference = 53BF6FFF20F35D5800EAB04C /* Todoey.app */;
			productType = "com.apple.product-type.application";
		};
		53BF701220F35D5900EAB04C /* TodoeyTests */ = {
			isa = PBXNativeTarget;
			buildConfigurationList = 53BF702A20F35D5900EAB04C /* Build configuration list for PBXNativeTarget "TodoeyTests" */;
			buildPhases = (
				53BF700F20F35D5900EAB04C /* Sources */,
				53BF701020F35D5900EAB04C /* Frameworks */,
				53BF701120F35D5900EAB04C /* Resources */,
			);
			buildRules = (
			);
			dependencies = (
				53BF701520F35D5900EAB04C /* PBXTargetDependency */,
			);
			name = TodoeyTests;
			productName = TodoeyTests;
			productReference = 53BF701320F35D5900EAB04C /* TodoeyTests.xctest */;
			productType = "com.apple.product-type.bundle.unit-test";
		};
		53BF701D20F35D5900EAB04C /* TodoeyUITests */ = {
			isa = PBXNativeTarget;
			buildConfigurationList = 53BF702D20F35D5900EAB04C /* Build configuration list for PBXNativeTarget "TodoeyUITests" */;
			buildPhases = (
				53BF701A20F35D5900EAB04C /* Sources */,
				53BF701B20F35D5900EAB04C /* Frameworks */,
				53BF701C20F35D5900EAB04C /* Resources */,
			);
			buildRules = (
			);
			dependencies = (
				53BF702020F35D5900EAB04C /* PBXTargetDependency */,
			);
			name = TodoeyUITests;
			productName = TodoeyUITests;
			productReference = 53BF701E20F35D5900EAB04C /* TodoeyUITests.xctest */;
			productType = "com.apple.product-type.bundle.ui-testing";
		};
/* End PBXNativeTarget section */

/* Begin PBXProject section */
		53BF6FF720F35D5700EAB04C /* Project object */ = {
			isa = PBXProject;
			attributes = {
				LastSwiftUpdateCheck = 0940;
				LastUpgradeCheck = 0940;
				ORGANIZATIONNAME = "Suraj Kodre";
				TargetAttributes = {
					53BF6FFE20F35D5800EAB04C = {
						CreatedOnToolsVersion = 9.4.1;
					};
					53BF701220F35D5900EAB04C = {
						CreatedOnToolsVersion = 9.4.1;
						TestTargetID = 53BF6FFE20F35D5800EAB04C;
					};
					53BF701D20F35D5900EAB04C = {
						CreatedOnToolsVersion = 9.4.1;
						TestTargetID = 53BF6FFE20F35D5800EAB04C;
					};
				};
			};
			buildConfigurationList = 53BF6FFA20F35D5700EAB04C /* Build configuration list for PBXProject "Todoey" */;
			compatibilityVersion = "Xcode 9.3";
			developmentRegion = en;
			hasScannedForEncodings = 0;
			knownRegions = (
				en,
				Base,
			);
			mainGroup = 53BF6FF620F35D5700EAB04C;
			productRefGroup = 53BF700020F35D5800EAB04C /* Products */;
			projectDirPath = "";
			projectRoot = "";
			targets = (
				53BF6FFE20F35D5800EAB04C /* Todoey */,
				53BF701220F35D5900EAB04C /* TodoeyTests */,
				53BF701D20F35D5900EAB04C /* TodoeyUITests */,
			);
		};
/* End PBXProject section */

/* Begin PBXResourcesBuildPhase section */
		53BF6FFD20F35D5800EAB04C /* Resources */ = {
			isa = PBXResourcesBuildPhase;
			buildActionMask = 2147483647;
			files = (
				53BF700D20F35D5900EAB04C /* LaunchScreen.storyboard in Resources */,
				53BF700A20F35D5900EAB04C /* Assets.xcassets in Resources */,
				53BF700820F35D5800EAB04C /* Main.storyboard in Resources */,
			);
			runOnlyForDeploymentPostprocessing = 0;
		};
		53BF701120F35D5900EAB04C /* Resources */ = {
			isa = PBXResourcesBuildPhase;
			buildActionMask = 2147483647;
			files = (
			);
			runOnlyForDeploymentPostprocessing = 0;
		};
		53BF701C20F35D5900EAB04C /* Resources */ = {
			isa = PBXResourcesBuildPhase;
			buildActionMask = 2147483647;
			files = (
			);
			runOnlyForDeploymentPostprocessing = 0;
		};
/* End PBXResourcesBuildPhase section */

/* Begin PBXSourcesBuildPhase section */
		53BF6FFB20F35D5800EAB04C /* Sources */ = {
			isa = PBXSourcesBuildPhase;
			buildActionMask = 2147483647;
			files = (
				53BF700520F35D5800EAB04C /* TodoListViewController.swift in Sources */,
				53BF700320F35D5800EAB04C /* AppDelegate.swift in Sources */,
			);
			runOnlyForDeploymentPostprocessing = 0;
		};
		53BF700F20F35D5900EAB04C /* Sources */ = {
			isa = PBXSourcesBuildPhase;
			buildActionMask = 2147483647;
			files = (
				53BF701820F35D5900EAB04C /* TodoeyTests.swift in Sources */,
			);
			runOnlyForDeploymentPostprocessing = 0;
		};
		53BF701A20F35D5900EAB04C /* Sources */ = {
			isa = PBXSourcesBuildPhase;
			buildActionMask = 2147483647;
			files = (
				53BF702320F35D5900EAB04C /* TodoeyUITests.swift in Sources */,
			);
			runOnlyForDeploymentPostprocessing = 0;
		};
/* End PBXSourcesBuildPhase section */

/* Begin PBXTargetDependency section */
		53BF701520F35D5900EAB04C /* PBXTargetDependency */ = {
			isa = PBXTargetDependency;
			target = 53BF6FFE20F35D5800EAB04C /* Todoey */;
			targetProxy = 53BF701420F35D5900EAB04C /* PBXContainerItemProxy */;
		};
		53BF702020F35D5900EAB04C /* PBXTargetDependency */ = {
			isa = PBXTargetDependency;
			target = 53BF6FFE20F35D5800EAB04C /* Todoey */;
			targetProxy = 53BF701F20F35D5900EAB04C /* PBXContainerItemProxy */;
		};
/* End PBXTargetDependency section */

/* Begin PBXVariantGroup section */
		53BF700620F35D5800EAB04C /* Main.storyboard */ = {
			isa = PBXVariantGroup;
			children = (
				53BF700720F35D5800EAB04C /* Base */,
			);
			name = Main.storyboard;
			sourceTree = "<group>";
		};
		53BF700B20F35D5900EAB04C /* LaunchScreen.storyboard */ = {
			isa = PBXVariantGroup;
			children = (
				53BF700C20F35D5900EAB04C /* Base */,
			);
			name = LaunchScreen.storyboard;
			sourceTree = "<group>";
		};
/* End PBXVariantGroup section */

/* Begin XCBuildConfiguration section */
		53BF702520F35D5900EAB04C /* Debug */ = {
			isa = XCBuildConfiguration;
			buildSettings = {
				ALWAYS_SEARCH_USER_PATHS = NO;
				CLANG_ANALYZER_NONNULL = YES;
				CLANG_ANALYZER_NUMBER_OBJECT_CONVERSION = YES_AGGRESSIVE;
				CLANG_CXX_LANGUAGE_STANDARD = "gnu++14";
				CLANG_CXX_LIBRARY = "libc++";
				CLANG_ENABLE_MODULES = YES;
				CLANG_ENABLE_OBJC_ARC = YES;
				CLANG_ENABLE_OBJC_WEAK = YES;
				CLANG_WARN_BLOCK_CAPTURE_AUTORELEASING = YES;
				CLANG_WARN_BOOL_CONVERSION = YES;
				CLANG_WARN_COMMA = YES;
				CLANG_WARN_CONSTANT_CONVERSION = YES;
				CLANG_WARN_DEPRECATED_OBJC_IMPLEMENTATIONS = YES;
				CLANG_WARN_DIRECT_OBJC_ISA_USAGE = YES_ERROR;
				CLANG_WARN_DOCUMENTATION_COMMENTS = YES;
				CLANG_WARN_EMPTY_BODY = YES;
				CLANG_WARN_ENUM_CONVERSION = YES;
				CLANG_WARN_INFINITE_RECURSION = YES;
				CLANG_WARN_INT_CONVERSION = YES;
				CLANG_WARN_NON_LITERAL_NULL_CONVERSION = YES;
				CLANG_WARN_OBJC_IMPLICIT_RETAIN_SELF = YES;
				CLANG_WARN_OBJC_LITERAL_CONVERSION = YES;
				CLANG_WARN_OBJC_ROOT_CLASS = YES_ERROR;
				CLANG_WARN_RANGE_LOOP_ANALYSIS = YES;
				CLANG_WARN_STRICT_PROTOTYPES = YES;
				CLANG_WARN_SUSPICIOUS_MOVE = YES;
				CLANG_WARN_UNGUARDED_AVAILABILITY = YES_AGGRESSIVE;
				CLANG_WARN_UNREACHABLE_CODE = YES;
				CLANG_WARN__DUPLICATE_METHOD_MATCH = YES;
				CODE_SIGN_IDENTITY = "iPhone Developer";
				COPY_PHASE_STRIP = NO;
				DEBUG_INFORMATION_FORMAT = dwarf;
				ENABLE_STRICT_OBJC_MSGSEND = YES;
				ENABLE_TESTABILITY = YES;
				GCC_C_LANGUAGE_STANDARD = gnu11;
				GCC_DYNAMIC_NO_PIC = NO;
				GCC_NO_COMMON_BLOCKS = YES;
				GCC_OPTIMIZATION_LEVEL = 0;
				GCC_PREPROCESSOR_DEFINITIONS = (
					"DEBUG=1",
					"$(inherited)",
				);
				GCC_WARN_64_TO_32_BIT_CONVERSION = YES;
				GCC_WARN_ABOUT_RETURN_TYPE = YES_ERROR;
				GCC_WARN_UNDECLARED_SELECTOR = YES;
				GCC_WARN_UNINITIALIZED_AUTOS = YES_AGGRESSIVE;
				GCC_WARN_UNUSED_FUNCTION = YES;
				GCC_WARN_UNUSED_VARIABLE = YES;
				IPHONEOS_DEPLOYMENT_TARGET = 11.4;
				MTL_ENABLE_DEBUG_INFO = YES;
				ONLY_ACTIVE_ARCH = YES;
				SDKROOT = iphoneos;
				SWIFT_ACTIVE_COMPILATION_CONDITIONS = DEBUG;
				SWIFT_OPTIMIZATION_LEVEL = "-Onone";
			};
			name = Debug;
		};
		53BF702620F35D5900EAB04C /* Release */ = {
			isa = XCBuildConfiguration;
			buildSettings = {
				ALWAYS_SEARCH_USER_PATHS = NO;
				CLANG_ANALYZER_NONNULL = YES;
				CLANG_ANALYZER_NUMBER_OBJECT_CONVERSION = YES_AGGRESSIVE;
				CLANG_CXX_LANGUAGE_STANDARD = "gnu++14";
				CLANG_CXX_LIBRARY = "libc++";
				CLANG_ENABLE_MODULES = YES;
				CLANG_ENABLE_OBJC_ARC = YES;
				CLANG_ENABLE_OBJC_WEAK = YES;
				CLANG_WARN_BLOCK_CAPTURE_AUTORELEASING = YES;
				CLANG_WARN_BOOL_CONVERSION = YES;
				CLANG_WARN_COMMA = YES;
				CLANG_WARN_CONSTANT_CONVERSION = YES;
				CLANG_WARN_DEPRECATED_OBJC_IMPLEMENTATIONS = YES;
				CLANG_WARN_DIRECT_OBJC_ISA_USAGE = YES_ERROR;
				CLANG_WARN_DOCUMENTATION_COMMENTS = YES;
				CLANG_WARN_EMPTY_BODY = YES;
				CLANG_WARN_ENUM_CONVERSION = YES;
				CLANG_WARN_INFINITE_RECURSION = YES;
				CLANG_WARN_INT_CONVERSION = YES;
				CLANG_WARN_NON_LITERAL_NULL_CONVERSION = YES;
				CLANG_WARN_OBJC_IMPLICIT_RETAIN_SELF = YES;
				CLANG_WARN_OBJC_LITERAL_CONVERSION = YES;
				CLANG_WARN_OBJC_ROOT_CLASS = YES_ERROR;
				CLANG_WARN_RANGE_LOOP_ANALYSIS = YES;
				CLANG_WARN_STRICT_PROTOTYPES = YES;
				CLANG_WARN_SUSPICIOUS_MOVE = YES;
				CLANG_WARN_UNGUARDED_AVAILABILITY = YES_AGGRESSIVE;
				CLANG_WARN_UNREACHABLE_CODE = YES;
				CLANG_WARN__DUPLICATE_METHOD_MATCH = YES;
				CODE_SIGN_IDENTITY = "iPhone Developer";
				COPY_PHASE_STRIP = NO;
				DEBUG_INFORMATION_FORMAT = "dwarf-with-dsym";
				ENABLE_NS_ASSERTIONS = NO;
				ENABLE_STRICT_OBJC_MSGSEND = YES;
				GCC_C_LANGUAGE_STANDARD = gnu11;
				GCC_NO_COMMON_BLOCKS = YES;
				GCC_WARN_64_TO_32_BIT_CONVERSION = YES;
				GCC_WARN_ABOUT_RETURN_TYPE = YES_ERROR;
				GCC_WARN_UNDECLARED_SELECTOR = YES;
				GCC_WARN_UNINITIALIZED_AUTOS = YES_AGGRESSIVE;
				GCC_WARN_UNUSED_FUNCTION = YES;
				GCC_WARN_UNUSED_VARIABLE = YES;
				IPHONEOS_DEPLOYMENT_TARGET = 11.4;
				MTL_ENABLE_DEBUG_INFO = NO;
				SDKROOT = iphoneos;
				SWIFT_COMPILATION_MODE = wholemodule;
				SWIFT_OPTIMIZATION_LEVEL = "-O";
				VALIDATE_PRODUCT = YES;
			};
			name = Release;
		};
		53BF702820F35D5900EAB04C /* Debug */ = {
			isa = XCBuildConfiguration;
			buildSettings = {
				ASSETCATALOG_COMPILER_APPICON_NAME = AppIcon;
				CODE_SIGN_STYLE = Automatic;
				INFOPLIST_FILE = Todoey/Info.plist;
				LD_RUNPATH_SEARCH_PATHS = (
					"$(inherited)",
					"@executable_path/Frameworks",
				);
				PRODUCT_BUNDLE_IDENTIFIER = com.digitas.Todoey;
				PRODUCT_NAME = "$(TARGET_NAME)";
				SWIFT_VERSION = 4.0;
				TARGETED_DEVICE_FAMILY = "1,2";
			};
			name = Debug;
		};
		53BF702920F35D5900EAB04C /* Release */ = {
			isa = XCBuildConfiguration;
			buildSettings = {
				ASSETCATALOG_COMPILER_APPICON_NAME = AppIcon;
				CODE_SIGN_STYLE = Automatic;
				INFOPLIST_FILE = Todoey/Info.plist;
				LD_RUNPATH_SEARCH_PATHS = (
					"$(inherited)",
					"@executable_path/Frameworks",
				);
				PRODUCT_BUNDLE_IDENTIFIER = com.digitas.Todoey;
				PRODUCT_NAME = "$(TARGET_NAME)";
				SWIFT_VERSION = 4.0;
				TARGETED_DEVICE_FAMILY = "1,2";
			};
			name = Release;
		};
		53BF702B20F35D5900EAB04C /* Debug */ = {
			isa = XCBuildConfiguration;
			buildSettings = {
				ALWAYS_EMBED_SWIFT_STANDARD_LIBRARIES = YES;
				BUNDLE_LOADER = "$(TEST_HOST)";
				CODE_SIGN_STYLE = Automatic;
				INFOPLIST_FILE = TodoeyTests/Info.plist;
				LD_RUNPATH_SEARCH_PATHS = (
					"$(inherited)",
					"@executable_path/Frameworks",
					"@loader_path/Frameworks",
				);
				PRODUCT_BUNDLE_IDENTIFIER = com.digitas.TodoeyTests;
				PRODUCT_NAME = "$(TARGET_NAME)";
				SWIFT_VERSION = 4.0;
				TARGETED_DEVICE_FAMILY = "1,2";
				TEST_HOST = "$(BUILT_PRODUCTS_DIR)/Todoey.app/Todoey";
			};
			name = Debug;
		};
		53BF702C20F35D5900EAB04C /* Release */ = {
			isa = XCBuildConfiguration;
			buildSettings = {
				ALWAYS_EMBED_SWIFT_STANDARD_LIBRARIES = YES;
				BUNDLE_LOADER = "$(TEST_HOST)";
				CODE_SIGN_STYLE = Automatic;
				INFOPLIST_FILE = TodoeyTests/Info.plist;
				LD_RUNPATH_SEARCH_PATHS = (
					"$(inherited)",
					"@executable_path/Frameworks",
					"@loader_path/Frameworks",
				);
				PRODUCT_BUNDLE_IDENTIFIER = com.digitas.TodoeyTests;
				PRODUCT_NAME = "$(TARGET_NAME)";
				SWIFT_VERSION = 4.0;
				TARGETED_DEVICE_FAMILY = "1,2";
				TEST_HOST = "$(BUILT_PRODUCTS_DIR)/Todoey.app/Todoey";
			};
			name = Release;
		};
		53BF702E20F35D5900EAB04C /* Debug */ = {
			isa = XCBuildConfiguration;
			buildSettings = {
				ALWAYS_EMBED_SWIFT_STANDARD_LIBRARIES = YES;
				CODE_SIGN_STYLE = Automatic;
				INFOPLIST_FILE = TodoeyUITests/Info.plist;
				LD_RUNPATH_SEARCH_PATHS = (
					"$(inherited)",
					"@executable_path/Frameworks",
					"@loader_path/Frameworks",
				);
				PRODUCT_BUNDLE_IDENTIFIER = com.digitas.TodoeyUITests;
				PRODUCT_NAME = "$(TARGET_NAME)";
				SWIFT_VERSION = 4.0;
				TARGETED_DEVICE_FAMILY = "1,2";
				TEST_TARGET_NAME = Todoey;
			};
			name = Debug;
		};
		53BF702F20F35D5900EAB04C /* Release */ = {
			isa = XCBuildConfiguration;
			buildSettings = {
				ALWAYS_EMBED_SWIFT_STANDARD_LIBRARIES = YES;
				CODE_SIGN_STYLE = Automatic;
				INFOPLIST_FILE = TodoeyUITests/Info.plist;
				LD_RUNPATH_SEARCH_PATHS = (
					"$(inherited)",
					"@executable_path/Frameworks",
					"@loader_path/Frameworks",
				);
				PRODUCT_BUNDLE_IDENTIFIER = com.digitas.TodoeyUITests;
				PRODUCT_NAME = "$(TARGET_NAME)";
				SWIFT_VERSION = 4.0;
				TARGETED_DEVICE_FAMILY = "1,2";
				TEST_TARGET_NAME = Todoey;
			};
			name = Release;
		};
/* End XCBuildConfiguration section */

/* Begin XCConfigurationList section */
		53BF6FFA20F35D5700EAB04C /* Build configuration list for PBXProject "Todoey" */ = {
			isa = XCConfigurationList;
			buildConfigurations = (
				53BF702520F35D5900EAB04C /* Debug */,
				53BF702620F35D5900EAB04C /* Release */,
			);
			defaultConfigurationIsVisible = 0;
			defaultConfigurationName = Release;
		};
		53BF702720F35D5900EAB04C /* Build configuration list for PBXNativeTarget "Todoey" */ = {
			isa = XCConfigurationList;
			buildConfigurations = (
				53BF702820F35D5900EAB04C /* Debug */,
				53BF702920F35D5900EAB04C /* Release */,
			);
			defaultConfigurationIsVisible = 0;
			defaultConfigurationName = Release;
		};
		53BF702A20F35D5900EAB04C /* Build configuration list for PBXNativeTarget "TodoeyTests" */ = {
			isa = XCConfigurationList;
			buildConfigurations = (
				53BF702B20F35D5900EAB04C /* Debug */,
				53BF702C20F35D5900EAB04C /* Release */,
			);
			defaultConfigurationIsVisible = 0;
			defaultConfigurationName = Release;
		};
		53BF702D20F35D5900EAB04C /* Build configuration list for PBXNativeTarget "TodoeyUITests" */ = {
			isa = XCConfigurationList;
			buildConfigurations = (
				53BF702E20F35D5900EAB04C /* Debug */,
				53BF702F20F35D5900EAB04C /* Release */,
			);
			defaultConfigurationIsVisible = 0;
			defaultConfigurationName = Release;
		};
/* End XCConfigurationList section */
	};
	rootObject = 53BF6FF720F35D5700EAB04C /* Project object */;
}
